
Microsoft Visual Studio Solution File, Format Version 12.00
Project("{FAE04EC0-301F-11D3-BF4B-00C04F79EFBC}") = "PersonalregisterLexicon", "Program\PersonalregisterLexicon.csproj", "{175C94E6-8F28-4FD0-B68D-3625CE15B66F}"
EndProject
Project("{FAE04EC0-301F-11D3-BF4B-00C04F79EFBC}") = "TestProject", "TestProject\TestProject.csproj", "{F8129D6F-B315-40DD-90AC-E4B0A8CD28E2}"
EndProject
Global
	GlobalSection(SolutionConfigurationPlatforms) = preSolution
		Debug|Any CPU = Debug|Any CPU
		Release|Any CPU = Release|Any CPU
	EndGlobalSection
	GlobalSection(ProjectConfigurationPlatforms) = postSolution
		{24B3112A-20DF-449B-9591-1E6E4462BC00}.Debug|Any CPU.ActiveCfg = Debug|Any CPU
		{24B3112A-20DF-449B-9591-1E6E4462BC00}.Debug|Any CPU.Build.0 = Debug|Any CPU
		{24B3112A-20DF-449B-9591-1E6E4462BC00}.Release|Any CPU.ActiveCfg = Release|Any CPU
		{24B3112A-20DF-449B-9591-1E6E4462BC00}.Release|Any CPU.Build.0 = Release|Any CPU
		{1DB8A7B7-101F-4DAF-96B3-4EDE473A9E46}.Debug|Any CPU.ActiveCfg = Debug|Any CPU
		{1DB8A7B7-101F-4DAF-96B3-4EDE473A9E46}.Debug|Any CPU.Build.0 = Debug|Any CPU
		{1DB8A7B7-101F-4DAF-96B3-4EDE473A9E46}.Release|Any CPU.ActiveCfg = Release|Any CPU
		{1DB8A7B7-101F-4DAF-96B3-4EDE473A9E46}.Release|Any CPU.Build.0 = Release|Any CPU
		{175C94E6-8F28-4FD0-B68D-3625CE15B66F}.Debug|Any CPU.ActiveCfg = Debug|Any CPU
		{175C94E6-8F28-4FD0-B68D-3625CE15B66F}.Debug|Any CPU.Build.0 = Debug|Any CPU
		{175C94E6-8F28-4FD0-B68D-3625CE15B66F}.Release|Any CPU.ActiveCfg = Release|Any CPU
		{175C94E6-8F28-4FD0-B68D-3625CE15B66F}.Release|Any CPU.Build.0 = Release|Any CPU
		{F8129D6F-B315-40DD-90AC-E4B0A8CD28E2}.Debug|Any CPU.ActiveCfg = Debug|Any CPU
		{F8129D6F-B315-40DD-90AC-E4B0A8CD28E2}.Debug|Any CPU.Build.0 = Debug|Any CPU
		{F8129D6F-B315-40DD-90AC-E4B0A8CD28E2}.Release|Any CPU.ActiveCfg = Release|Any CPU
		{F8129D6F-B315-40DD-90AC-E4B0A8CD28E2}.Release|Any CPU.Build.0 = Release|Any CPU
	EndGlobalSection
EndGlobal
