
Microsoft Visual Studio Solution File, Format Version 12.00
Project("{FAE04EC0-301F-11D3-BF4B-00C04F79EFBC}") = "PersonalregisterLexicon", "PersonalregisterLexicon.csproj", "{24B3112A-20DF-449B-9591-1E6E4462BC00}"
EndProject
Global
	GlobalSection(SolutionConfigurationPlatforms) = preSolution
		Debug|Any CPU = Debug|Any CPU
		Release|Any CPU = Release|Any CPU
	EndGlobalSection
	GlobalSection(ProjectConfigurationPlatforms) = postSolution
		{24B3112A-20DF-449B-9591-1E6E4462BC00}.Debug|Any CPU.ActiveCfg = Debug|Any CPU
		{24B3112A-20DF-449B-9591-1E6E4462BC00}.Debug|Any CPU.Build.0 = Debug|Any CPU
		{24B3112A-20DF-449B-9591-1E6E4462BC00}.Release|Any CPU.ActiveCfg = Release|Any CPU
		{24B3112A-20DF-449B-9591-1E6E4462BC00}.Release|Any CPU.Build.0 = Release|Any CPU
	EndGlobalSection
EndGlobal
